
Microsoft Visual Studio Solution File, Format Version 12.00
# Visual Studio 15
VisualStudioVersion = 15.0.26403.7
MinimumVisualStudioVersion = 10.0.40219.1
Project("{FAE04EC0-301F-11D3-BF4B-00C04F79EFBC}") = "Hash", "Hash\Hash.csproj", "{F81272E7-ECF2-41E0-8F60-147EE4246A2F}"
EndProject
Project("{2150E333-8FDC-42A3-9474-1A3956D46DE8}") = "MVC", "MVC", "{6D49243C-3E1E-4CE1-B0C8-054ED553B2BA}"
EndProject
Project("{2150E333-8FDC-42A3-9474-1A3956D46DE8}") = "DAL", "DAL", "{ADDB2D40-65B9-4CA9-BEBE-4EF1750250FF}"
	ProjectSection(SolutionItems) = preProject
		ArquivoHash.txt = ArquivoHash.txt
	EndProjectSection
EndProject
Project("{2150E333-8FDC-42A3-9474-1A3956D46DE8}") = "Controller", "Controller", "{9AAE3140-FD0F-46CC-8021-D3B73B21EF3D}"
EndProject
Project("{2150E333-8FDC-42A3-9474-1A3956D46DE8}") = "LeituraArq", "LeituraArq", "{ECAF4FBC-D0BF-40CE-BF93-F6568E41146F}"
	ProjectSection(SolutionItems) = preProject
		EnviaDadosArqHash.cs = EnviaDadosArqHash.cs
		Leitura.cs = Leitura.cs
	EndProjectSection
EndProject
Project("{2150E333-8FDC-42A3-9474-1A3956D46DE8}") = "Lista", "Lista", "{97641807-FA41-4C23-8E7C-8A1DC6A65496}"
	ProjectSection(SolutionItems) = preProject
		Node.cs = Node.cs
	EndProjectSection
EndProject
Project("{2150E333-8FDC-42A3-9474-1A3956D46DE8}") = "TabelaHash", "TabelaHash", "{F8FA4F64-BA60-4835-AE58-107F482B5E35}"
EndProject
Global
	GlobalSection(SolutionConfigurationPlatforms) = preSolution
		Debug|Any CPU = Debug|Any CPU
		Release|Any CPU = Release|Any CPU
	EndGlobalSection
	GlobalSection(ProjectConfigurationPlatforms) = postSolution
		{F81272E7-ECF2-41E0-8F60-147EE4246A2F}.Debug|Any CPU.ActiveCfg = Debug|Any CPU
		{F81272E7-ECF2-41E0-8F60-147EE4246A2F}.Debug|Any CPU.Build.0 = Debug|Any CPU
		{F81272E7-ECF2-41E0-8F60-147EE4246A2F}.Release|Any CPU.ActiveCfg = Release|Any CPU
		{F81272E7-ECF2-41E0-8F60-147EE4246A2F}.Release|Any CPU.Build.0 = Release|Any CPU
	EndGlobalSection
	GlobalSection(SolutionProperties) = preSolution
		HideSolutionNode = FALSE
	EndGlobalSection
	GlobalSection(NestedProjects) = preSolution
		{F81272E7-ECF2-41E0-8F60-147EE4246A2F} = {9AAE3140-FD0F-46CC-8021-D3B73B21EF3D}
		{ADDB2D40-65B9-4CA9-BEBE-4EF1750250FF} = {6D49243C-3E1E-4CE1-B0C8-054ED553B2BA}
		{9AAE3140-FD0F-46CC-8021-D3B73B21EF3D} = {6D49243C-3E1E-4CE1-B0C8-054ED553B2BA}
		{ECAF4FBC-D0BF-40CE-BF93-F6568E41146F} = {ADDB2D40-65B9-4CA9-BEBE-4EF1750250FF}
		{97641807-FA41-4C23-8E7C-8A1DC6A65496} = {9AAE3140-FD0F-46CC-8021-D3B73B21EF3D}
		{F8FA4F64-BA60-4835-AE58-107F482B5E35} = {9AAE3140-FD0F-46CC-8021-D3B73B21EF3D}
	EndGlobalSection
EndGlobal
